Microsoft Visual Studio Solution File, Format Version 12.00
# Visual Studio 2012
Project("{FAE04EC0-301F-11D3-BF4B-00C04F79EFBC}") = "Hackmon", "HackmonFrontend\Hackmon.csproj", "{5B147EEE-A4DD-4529-8330-D5140173EB2C}"
EndProject
Project("{FAE04EC0-301F-11D3-BF4B-00C04F79EFBC}") = "HackmonInternals", "HackmonInternals\HackmonInternals.csproj", "{0638B56B-822E-4C89-A837-C35B22775FD6}"
EndProject
Project("{FAE04EC0-301F-11D3-BF4B-00C04F79EFBC}") = "InternalTests", "InternalTests\InternalTests.csproj", "{F0F22B66-FB30-46F7-AFDF-CB3F8B8F1C40}"
EndProject
Project("{FAE04EC0-301F-11D3-BF4B-00C04F79EFBC}") = "TurnBasedBattleSystem", "TurnBasedBattleSystem\TurnBasedBattleSystem\TurnBasedBattleSystem.csproj", "{1D2830C2-ADE9-437A-AE9C-54F71D7DB5D1}"
EndProject
Global
	GlobalSection(SolutionConfigurationPlatforms) = preSolution
	Debug|Any CPU = Debug|Any CPU
	ExportDebug|Any CPU = ExportDebug|Any CPU
	ExportRelease|Any CPU = ExportRelease|Any CPU
	EndGlobalSection
	GlobalSection(ProjectConfigurationPlatforms) = postSolution
		{5B147EEE-A4DD-4529-8330-D5140173EB2C}.Debug|Any CPU.ActiveCfg = Debug|Any CPU
		{5B147EEE-A4DD-4529-8330-D5140173EB2C}.Debug|Any CPU.Build.0 = Debug|Any CPU
		{5B147EEE-A4DD-4529-8330-D5140173EB2C}.ExportDebug|Any CPU.ActiveCfg = ExportDebug|Any CPU
		{5B147EEE-A4DD-4529-8330-D5140173EB2C}.ExportDebug|Any CPU.Build.0 = ExportDebug|Any CPU
		{5B147EEE-A4DD-4529-8330-D5140173EB2C}.ExportRelease|Any CPU.ActiveCfg = ExportRelease|Any CPU
		{5B147EEE-A4DD-4529-8330-D5140173EB2C}.ExportRelease|Any CPU.Build.0 = ExportRelease|Any CPU
		{0638B56B-822E-4C89-A837-C35B22775FD6}.Debug|Any CPU.ActiveCfg = Debug|Any CPU
		{0638B56B-822E-4C89-A837-C35B22775FD6}.Debug|Any CPU.Build.0 = Debug|Any CPU
		{0638B56B-822E-4C89-A837-C35B22775FD6}.ExportDebug|Any CPU.ActiveCfg = Debug|Any CPU
		{0638B56B-822E-4C89-A837-C35B22775FD6}.ExportDebug|Any CPU.Build.0 = Debug|Any CPU
		{0638B56B-822E-4C89-A837-C35B22775FD6}.ExportRelease|Any CPU.ActiveCfg = Debug|Any CPU
		{0638B56B-822E-4C89-A837-C35B22775FD6}.ExportRelease|Any CPU.Build.0 = Debug|Any CPU
		{F0F22B66-FB30-46F7-AFDF-CB3F8B8F1C40}.Debug|Any CPU.ActiveCfg = Debug|Any CPU
		{F0F22B66-FB30-46F7-AFDF-CB3F8B8F1C40}.Debug|Any CPU.Build.0 = Debug|Any CPU
		{F0F22B66-FB30-46F7-AFDF-CB3F8B8F1C40}.ExportDebug|Any CPU.ActiveCfg = Debug|Any CPU
		{F0F22B66-FB30-46F7-AFDF-CB3F8B8F1C40}.ExportDebug|Any CPU.Build.0 = Debug|Any CPU
		{F0F22B66-FB30-46F7-AFDF-CB3F8B8F1C40}.ExportRelease|Any CPU.ActiveCfg = Debug|Any CPU
		{F0F22B66-FB30-46F7-AFDF-CB3F8B8F1C40}.ExportRelease|Any CPU.Build.0 = Debug|Any CPU
		{1D2830C2-ADE9-437A-AE9C-54F71D7DB5D1}.Debug|Any CPU.ActiveCfg = Debug|Any CPU
		{1D2830C2-ADE9-437A-AE9C-54F71D7DB5D1}.Debug|Any CPU.Build.0 = Debug|Any CPU
		{1D2830C2-ADE9-437A-AE9C-54F71D7DB5D1}.ExportDebug|Any CPU.ActiveCfg = Debug|Any CPU
		{1D2830C2-ADE9-437A-AE9C-54F71D7DB5D1}.ExportDebug|Any CPU.Build.0 = Debug|Any CPU
		{1D2830C2-ADE9-437A-AE9C-54F71D7DB5D1}.ExportRelease|Any CPU.ActiveCfg = Debug|Any CPU
		{1D2830C2-ADE9-437A-AE9C-54F71D7DB5D1}.ExportRelease|Any CPU.Build.0 = Debug|Any CPU
	EndGlobalSection
EndGlobal
