
Microsoft Visual Studio Solution File, Format Version 12.00
Project("{FAE04EC0-301F-11D3-BF4B-00C04F79EFBC}") = "HackmonInternals", "HackmonInternals.csproj", "{6CDC0333-7241-4E65-846D-1D64D7E27F88}"
EndProject
Global
	GlobalSection(SolutionConfigurationPlatforms) = preSolution
		Debug|Any CPU = Debug|Any CPU
		Release|Any CPU = Release|Any CPU
	EndGlobalSection
	GlobalSection(ProjectConfigurationPlatforms) = postSolution
		{6CDC0333-7241-4E65-846D-1D64D7E27F88}.Debug|Any CPU.ActiveCfg = Debug|Any CPU
		{6CDC0333-7241-4E65-846D-1D64D7E27F88}.Debug|Any CPU.Build.0 = Debug|Any CPU
		{6CDC0333-7241-4E65-846D-1D64D7E27F88}.Release|Any CPU.ActiveCfg = Release|Any CPU
		{6CDC0333-7241-4E65-846D-1D64D7E27F88}.Release|Any CPU.Build.0 = Release|Any CPU
	EndGlobalSection
EndGlobal
